
Microsoft Visual Studio Solution File, Format Version 12.00
# Visual Studio Version 16
VisualStudioVersion = 16.0.810.23
MinimumVisualStudioVersion = 10.0.40219.1
Project("{FAE04EC0-301F-11D3-BF4B-00C04F79EFBC}") = "LoginWithIdentityPractices.WebAPI", "LoginWithIdentityPractices\LoginWithIdentityPractices.WebAPI.csproj", "{245F4F9F-2561-4363-8766-452D088AAE41}"
EndProject
Project("{FAE04EC0-301F-11D3-BF4B-00C04F79EFBC}") = "LoginWithIdentityPractices.Infrastructure", "LoginWithIdentityPractices.Identity\LoginWithIdentityPractices.Infrastructure.csproj", "{0E912940-814F-416D-864B-ECB4387706AF}"
EndProject
Project("{FAE04EC0-301F-11D3-BF4B-00C04F79EFBC}") = "LoginWithIdentityPractices.Core", "LoginWithIdentityPractices.Core\LoginWithIdentityPractices.Core.csproj", "{D2A48BDB-C558-4212-9025-3284EF3816D7}"
EndProject
Global
	GlobalSection(SolutionConfigurationPlatforms) = preSolution
		Debug|Any CPU = Debug|Any CPU
		Release|Any CPU = Release|Any CPU
	EndGlobalSection
	GlobalSection(ProjectConfigurationPlatforms) = postSolution
		{245F4F9F-2561-4363-8766-452D088AAE41}.Debug|Any CPU.ActiveCfg = Debug|Any CPU
		{245F4F9F-2561-4363-8766-452D088AAE41}.Debug|Any CPU.Build.0 = Debug|Any CPU
		{245F4F9F-2561-4363-8766-452D088AAE41}.Release|Any CPU.ActiveCfg = Release|Any CPU
		{245F4F9F-2561-4363-8766-452D088AAE41}.Release|Any CPU.Build.0 = Release|Any CPU
		{0E912940-814F-416D-864B-ECB4387706AF}.Debug|Any CPU.ActiveCfg = Debug|Any CPU
		{0E912940-814F-416D-864B-ECB4387706AF}.Debug|Any CPU.Build.0 = Debug|Any CPU
		{0E912940-814F-416D-864B-ECB4387706AF}.Release|Any CPU.ActiveCfg = Release|Any CPU
		{0E912940-814F-416D-864B-ECB4387706AF}.Release|Any CPU.Build.0 = Release|Any CPU
		{D2A48BDB-C558-4212-9025-3284EF3816D7}.Debug|Any CPU.ActiveCfg = Debug|Any CPU
		{D2A48BDB-C558-4212-9025-3284EF3816D7}.Debug|Any CPU.Build.0 = Debug|Any CPU
		{D2A48BDB-C558-4212-9025-3284EF3816D7}.Release|Any CPU.ActiveCfg = Release|Any CPU
		{D2A48BDB-C558-4212-9025-3284EF3816D7}.Release|Any CPU.Build.0 = Release|Any CPU
	EndGlobalSection
	GlobalSection(SolutionProperties) = preSolution
		HideSolutionNode = FALSE
	EndGlobalSection
	GlobalSection(ExtensibilityGlobals) = postSolution
		SolutionGuid = {4A7D5C10-970E-41D5-B4F2-D1FA9E808009}
	EndGlobalSection
EndGlobal
